
Microsoft Visual Studio Solution File, Format Version 12.00
# Visual Studio Version 16
VisualStudioVersion = 16.0.31205.134
MinimumVisualStudioVersion = 10.0.40219.1
Project("{2150E333-8FDC-42A3-9474-1A3956D46DE8}") = "Test", "Test", "{E4F26F1E-68B4-44FD-B8F2-CF34D3F1CF28}"
EndProject
Project("{2150E333-8FDC-42A3-9474-1A3956D46DE8}") = "Project", "Project", "{A21C4718-5D3E-43AA-8300-5566E77A904C}"
EndProject
Project("{2150E333-8FDC-42A3-9474-1A3956D46DE8}") = "01.Core", "01.Core", "{B72FE79F-7941-4C2F-8CC4-48096CAA0A6B}"
EndProject
Project("{2150E333-8FDC-42A3-9474-1A3956D46DE8}") = "02.Infrastructures", "02.Infrastructures", "{106B7400-6713-4E42-8C0E-909DF8E972EA}"
EndProject
Project("{2150E333-8FDC-42A3-9474-1A3956D46DE8}") = "03.EndPoints", "03.EndPoints", "{5499933C-AA63-4011-9202-28E313D3CAF6}"
EndProject
Project("{9A19103F-16F7-4668-BE54-9A1E7A4F7556}") = "FamilyLoan.Endpoints.WebUI", "FamilyLoan.Endpoints.WebUI\FamilyLoan.Endpoints.WebUI.csproj", "{FB23E9B6-5D81-4E5F-A1C3-FADABD867F0D}"
EndProject
Project("{9A19103F-16F7-4668-BE54-9A1E7A4F7556}") = "FamilyLoan.Infra.DAL.Query", "FamilyLoan.Infra.DAL.Query\FamilyLoan.Infra.DAL.Query.csproj", "{15243779-448B-4477-AD46-9DDFFE4D85F2}"
EndProject
Project("{9A19103F-16F7-4668-BE54-9A1E7A4F7556}") = "FamilyLoan.Infra.DAL.Command", "FamilyLoan.Infra.DAL.Command\FamilyLoan.Infra.DAL.Command.csproj", "{566FE90E-C050-447E-8A55-23B45DE073E0}"
EndProject
Project("{9A19103F-16F7-4668-BE54-9A1E7A4F7556}") = "FamilyLoan.Infra.DAL.Messages", "FamilyLoan.Infra.DAL.Messages\FamilyLoan.Infra.DAL.Messages.csproj", "{EA265E1D-A603-4A13-9B3B-4B153276A0BC}"
EndProject
Project("{2150E333-8FDC-42A3-9474-1A3956D46DE8}") = "00.Utilities", "00.Utilities", "{7C02C8E6-E263-4606-AF75-75D1C457FEFC}"
EndProject
Project("{9A19103F-16F7-4668-BE54-9A1E7A4F7556}") = "FamilyLoan.Utilities", "FamilyLoan.Utilities\FamilyLoan.Utilities.csproj", "{F7F6FD10-C056-42FD-8803-D85A9F7ED464}"
EndProject
Project("{FAE04EC0-301F-11D3-BF4B-00C04F79EFBC}") = "FamilyLoan.Core.ApplicationServices", "Core\FamilyLoan.Core.ApplicationServices\FamilyLoan.Core.ApplicationServices.csproj", "{6A369BE8-D31F-448D-B10F-88291CC4AC9A}"
EndProject
Project("{FAE04EC0-301F-11D3-BF4B-00C04F79EFBC}") = "FamilyLoan.Core.Contracts", "Core\FamilyLoan.Core.Contracts\FamilyLoan.Core.Contracts.csproj", "{84C6064A-7C75-461B-B178-F7A9283FC90C}"
EndProject
Project("{FAE04EC0-301F-11D3-BF4B-00C04F79EFBC}") = "FamilyLoan.Core.Domains", "Core\FamilyLoan.Core.Domains\FamilyLoan.Core.Domains.csproj", "{4423111B-4777-4458-8BD4-B0A4312B5EE1}"
EndProject
Global
	GlobalSection(SolutionConfigurationPlatforms) = preSolution
		Debug|Any CPU = Debug|Any CPU
		Release|Any CPU = Release|Any CPU
	EndGlobalSection
	GlobalSection(ProjectConfigurationPlatforms) = postSolution
		{FB23E9B6-5D81-4E5F-A1C3-FADABD867F0D}.Debug|Any CPU.ActiveCfg = Debug|Any CPU
		{FB23E9B6-5D81-4E5F-A1C3-FADABD867F0D}.Debug|Any CPU.Build.0 = Debug|Any CPU
		{FB23E9B6-5D81-4E5F-A1C3-FADABD867F0D}.Release|Any CPU.ActiveCfg = Release|Any CPU
		{FB23E9B6-5D81-4E5F-A1C3-FADABD867F0D}.Release|Any CPU.Build.0 = Release|Any CPU
		{15243779-448B-4477-AD46-9DDFFE4D85F2}.Debug|Any CPU.ActiveCfg = Debug|Any CPU
		{15243779-448B-4477-AD46-9DDFFE4D85F2}.Debug|Any CPU.Build.0 = Debug|Any CPU
		{15243779-448B-4477-AD46-9DDFFE4D85F2}.Release|Any CPU.ActiveCfg = Release|Any CPU
		{15243779-448B-4477-AD46-9DDFFE4D85F2}.Release|Any CPU.Build.0 = Release|Any CPU
		{566FE90E-C050-447E-8A55-23B45DE073E0}.Debug|Any CPU.ActiveCfg = Debug|Any CPU
		{566FE90E-C050-447E-8A55-23B45DE073E0}.Debug|Any CPU.Build.0 = Debug|Any CPU
		{566FE90E-C050-447E-8A55-23B45DE073E0}.Release|Any CPU.ActiveCfg = Release|Any CPU
		{566FE90E-C050-447E-8A55-23B45DE073E0}.Release|Any CPU.Build.0 = Release|Any CPU
		{EA265E1D-A603-4A13-9B3B-4B153276A0BC}.Debug|Any CPU.ActiveCfg = Debug|Any CPU
		{EA265E1D-A603-4A13-9B3B-4B153276A0BC}.Debug|Any CPU.Build.0 = Debug|Any CPU
		{EA265E1D-A603-4A13-9B3B-4B153276A0BC}.Release|Any CPU.ActiveCfg = Release|Any CPU
		{EA265E1D-A603-4A13-9B3B-4B153276A0BC}.Release|Any CPU.Build.0 = Release|Any CPU
		{F7F6FD10-C056-42FD-8803-D85A9F7ED464}.Debug|Any CPU.ActiveCfg = Debug|Any CPU
		{F7F6FD10-C056-42FD-8803-D85A9F7ED464}.Debug|Any CPU.Build.0 = Debug|Any CPU
		{F7F6FD10-C056-42FD-8803-D85A9F7ED464}.Release|Any CPU.ActiveCfg = Release|Any CPU
		{F7F6FD10-C056-42FD-8803-D85A9F7ED464}.Release|Any CPU.Build.0 = Release|Any CPU
		{6A369BE8-D31F-448D-B10F-88291CC4AC9A}.Debug|Any CPU.ActiveCfg = Debug|Any CPU
		{6A369BE8-D31F-448D-B10F-88291CC4AC9A}.Debug|Any CPU.Build.0 = Debug|Any CPU
		{6A369BE8-D31F-448D-B10F-88291CC4AC9A}.Release|Any CPU.ActiveCfg = Release|Any CPU
		{6A369BE8-D31F-448D-B10F-88291CC4AC9A}.Release|Any CPU.Build.0 = Release|Any CPU
		{84C6064A-7C75-461B-B178-F7A9283FC90C}.Debug|Any CPU.ActiveCfg = Debug|Any CPU
		{84C6064A-7C75-461B-B178-F7A9283FC90C}.Debug|Any CPU.Build.0 = Debug|Any CPU
		{84C6064A-7C75-461B-B178-F7A9283FC90C}.Release|Any CPU.ActiveCfg = Release|Any CPU
		{84C6064A-7C75-461B-B178-F7A9283FC90C}.Release|Any CPU.Build.0 = Release|Any CPU
		{4423111B-4777-4458-8BD4-B0A4312B5EE1}.Debug|Any CPU.ActiveCfg = Debug|Any CPU
		{4423111B-4777-4458-8BD4-B0A4312B5EE1}.Debug|Any CPU.Build.0 = Debug|Any CPU
		{4423111B-4777-4458-8BD4-B0A4312B5EE1}.Release|Any CPU.ActiveCfg = Release|Any CPU
		{4423111B-4777-4458-8BD4-B0A4312B5EE1}.Release|Any CPU.Build.0 = Release|Any CPU
	EndGlobalSection
	GlobalSection(SolutionProperties) = preSolution
		HideSolutionNode = FALSE
	EndGlobalSection
	GlobalSection(NestedProjects) = preSolution
		{B72FE79F-7941-4C2F-8CC4-48096CAA0A6B} = {A21C4718-5D3E-43AA-8300-5566E77A904C}
		{106B7400-6713-4E42-8C0E-909DF8E972EA} = {A21C4718-5D3E-43AA-8300-5566E77A904C}
		{5499933C-AA63-4011-9202-28E313D3CAF6} = {A21C4718-5D3E-43AA-8300-5566E77A904C}
		{FB23E9B6-5D81-4E5F-A1C3-FADABD867F0D} = {5499933C-AA63-4011-9202-28E313D3CAF6}
		{15243779-448B-4477-AD46-9DDFFE4D85F2} = {106B7400-6713-4E42-8C0E-909DF8E972EA}
		{566FE90E-C050-447E-8A55-23B45DE073E0} = {106B7400-6713-4E42-8C0E-909DF8E972EA}
		{EA265E1D-A603-4A13-9B3B-4B153276A0BC} = {106B7400-6713-4E42-8C0E-909DF8E972EA}
		{7C02C8E6-E263-4606-AF75-75D1C457FEFC} = {A21C4718-5D3E-43AA-8300-5566E77A904C}
		{F7F6FD10-C056-42FD-8803-D85A9F7ED464} = {7C02C8E6-E263-4606-AF75-75D1C457FEFC}
		{6A369BE8-D31F-448D-B10F-88291CC4AC9A} = {B72FE79F-7941-4C2F-8CC4-48096CAA0A6B}
		{84C6064A-7C75-461B-B178-F7A9283FC90C} = {B72FE79F-7941-4C2F-8CC4-48096CAA0A6B}
		{4423111B-4777-4458-8BD4-B0A4312B5EE1} = {B72FE79F-7941-4C2F-8CC4-48096CAA0A6B}
	EndGlobalSection
	GlobalSection(ExtensibilityGlobals) = postSolution
		SolutionGuid = {5FAFCADF-2AC7-4670-A877-00CD7A7BD6D0}
	EndGlobalSection
EndGlobal
